// !$*UTF8*$!
{
	archiveVersion = 1;
	classes = {
	};
	objectVersion = 54;
	objects = {

/* Begin PBXBuildFile section */
		185D167803E88F9F7E75899B /* GridAPITests.m in Sources */ = {isa = PBXBuildFile; fileRef = 8BCCF087294B8309DB70D747 /* GridAPITests.m */; };
		1B99E5C535EFC720B6A68A58 /* Foundation.framework in Frameworks */ = {isa = PBXBuildFile; fileRef = C340497EC4903F29BADC2B10 /* Foundation.framework */; };
		226C94B016ABB95F007650CD /* TOGridView.m in Sources */ = {isa = PBXBuildFile; fileRef = 226C94AD16ABB95F007650CD /* TOGridView.m */; };
		226C94B116ABB95F007650CD /* TOGridViewCell.m in Sources */ = {isa = PBXBuildFile; fileRef = 226C94AF16ABB95F007650CD /* TOGridViewCell.m */; };
		226C94B616ABB96D007650CD /* TOGridViewAppDelegate.m in Sources */ = {isa = PBXBuildFile; fileRef = 226C94B316ABB96D007650CD /* TOGridViewAppDelegate.m */; };
		226C94B716ABB96D007650CD /* TOGridViewViewController.m in Sources */ = {isa = PBXBuildFile; fileRef = 226C94B516ABB96D007650CD /* TOGridViewViewController.m */; };
		226C94BB16ABB99C007650CD /* main.m in Sources */ = {isa = PBXBuildFile; fileRef = 226C94B816ABB99C007650CD /* main.m */; };
		2298299516AEBC9F00B7537D /* QuartzCore.framework in Frameworks */ = {isa = PBXBuildFile; fileRef = 2298299416AEBC9F00B7537D /* QuartzCore.framework */; };
		22DE352316AD15130081E9C2 /* TOGridViewTestCell.m in Sources */ = {isa = PBXBuildFile; fileRef = 22DE352216AD15130081E9C2 /* TOGridViewTestCell.m */; };
		31C144021C9C4C426EB5E821 /* SwiftAPICompatibilityTests.swift in Sources */ = {isa = PBXBuildFile; fileRef = 17785F653FF1CB23B637DCE2 /* SwiftAPICompatibilityTests.swift */; };
		3D9C8EB38597A8820F2DA651 /* ExampleInsertionTests.m in Sources */ = {isa = PBXBuildFile; fileRef = 51EEEC1667812A87D210D8E3 /* ExampleInsertionTests.m */; };
		403A1DCA3E6B2E3D88BE9CC8 /* Foundation.framework in Frameworks */ = {isa = PBXBuildFile; fileRef = C340497EC4903F29BADC2B10 /* Foundation.framework */; };
		875FFE24FBD6D6752F496EDF /* ExampleLayoutTests.m in Sources */ = {isa = PBXBuildFile; fileRef = 50266F9B3AC3F34423B5F4E7 /* ExampleLayoutTests.m */; };
		A32CC248D826F0C2BD073183 /* ExampleEditingTests.m in Sources */ = {isa = PBXBuildFile; fileRef = 77A505BC061A5207BC73D491 /* ExampleEditingTests.m */; };
		D63E7640C62DD91EE41DB99A /* ExampleUITests.swift in Sources */ = {isa = PBXBuildFile; fileRef = CAEF8EF58AE1B2B080DA1681 /* ExampleUITests.swift */; };
		E3944960BBB4DFA2A9F3965D /* TOGridViewSceneDelegate.m in Sources */ = {isa = PBXBuildFile; fileRef = 89A5B495A84065FA4926E047 /* TOGridViewSceneDelegate.m */; };
		F1CD721F16A3DFC6003D5FB8 /* UIKit.framework in Frameworks */ = {isa = PBXBuildFile; fileRef = F1CD721E16A3DFC6003D5FB8 /* UIKit.framework */; };
		F1CD722116A3DFC6003D5FB8 /* Foundation.framework in Frameworks */ = {isa = PBXBuildFile; fileRef = F1CD722016A3DFC6003D5FB8 /* Foundation.framework */; };
		F1CD722316A3DFC6003D5FB8 /* CoreGraphics.framework in Frameworks */ = {isa = PBXBuildFile; fileRef = F1CD722216A3DFC6003D5FB8 /* CoreGraphics.framework */; };
/* End PBXBuildFile section */

/* Begin PBXContainerItemProxy section */
		77E574986BDBE13F8EF63E99 /* PBXContainerItemProxy */ = {
			isa = PBXContainerItemProxy;
			containerPortal = F1CD721116A3DFC6003D5FB8 /* Project object */;
			proxyType = 1;
			remoteGlobalIDString = F1CD721916A3DFC6003D5FB8;
			remoteInfo = TOGridView;
		};
		EA6A3D5308A495E6760ED4FB /* PBXContainerItemProxy */ = {
			isa = PBXContainerItemProxy;
			containerPortal = F1CD721116A3DFC6003D5FB8 /* Project object */;
			proxyType = 1;
			remoteGlobalIDString = F1CD721916A3DFC6003D5FB8;
			remoteInfo = TOGridView;
		};
/* End PBXContainerItemProxy section */

/* Begin PBXFileReference section */
		124877539B1BB79D79221133 /* TOGridViewExampleTests.xctest */ = {isa = PBXFileReference; explicitFileType = wrapper.cfbundle; includeInIndex = 0; path = TOGridViewExampleTests.xctest; sourceTree = BUILT_PRODUCTS_DIR; };
		17785F653FF1CB23B637DCE2 /* SwiftAPICompatibilityTests.swift */ = {isa = PBXFileReference; includeInIndex = 1; lastKnownFileType = sourcecode.swift; path = SwiftAPICompatibilityTests.swift; sourceTree = "<group>"; };
		226C94AC16ABB95F007650CD /* TOGridView.h */ = {isa = PBXFileReference; fileEncoding = 4; lastKnownFileType = sourcecode.c.h; path = TOGridView.h; sourceTree = "<group>"; };
		226C94AD16ABB95F007650CD /* TOGridView.m */ = {isa = PBXFileReference; fileEncoding = 4; lastKnownFileType = sourcecode.c.objc; path = TOGridView.m; sourceTree = "<group>"; };
		226C94AE16ABB95F007650CD /* TOGridViewCell.h */ = {isa = PBXFileReference; fileEncoding = 4; lastKnownFileType = sourcecode.c.h; path = TOGridViewCell.h; sourceTree = "<group>"; };
		226C94AF16ABB95F007650CD /* TOGridViewCell.m */ = {isa = PBXFileReference; fileEncoding = 4; lastKnownFileType = sourcecode.c.objc; path = TOGridViewCell.m; sourceTree = "<group>"; };
		226C94B216ABB96D007650CD /* TOGridViewAppDelegate.h */ = {isa = PBXFileReference; fileEncoding = 4; lastKnownFileType = sourcecode.c.h; path = TOGridViewAppDelegate.h; sourceTree = "<group>"; };
		226C94B316ABB96D007650CD /* TOGridViewAppDelegate.m */ = {isa = PBXFileReference; fileEncoding = 4; lastKnownFileType = sourcecode.c.objc; path = TOGridViewAppDelegate.m; sourceTree = "<group>"; };
		226C94B416ABB96D007650CD /* TOGridViewViewController.h */ = {isa = PBXFileReference; fileEncoding = 4; lastKnownFileType = sourcecode.c.h; path = TOGridViewViewController.h; sourceTree = "<group>"; };
		226C94B516ABB96D007650CD /* TOGridViewViewController.m */ = {isa = PBXFileReference; fileEncoding = 4; lastKnownFileType = sourcecode.c.objc; path = TOGridViewViewController.m; sourceTree = "<group>"; };
		226C94B816ABB99C007650CD /* main.m */ = {isa = PBXFileReference; fileEncoding = 4; lastKnownFileType = sourcecode.c.objc; path = main.m; sourceTree = "<group>"; };
		226C94B916ABB99C007650CD /* TOGridView-Info.plist */ = {isa = PBXFileReference; fileEncoding = 4; lastKnownFileType = text.plist.xml; path = "TOGridView-Info.plist"; sourceTree = "<group>"; };
		2298299416AEBC9F00B7537D /* QuartzCore.framework */ = {isa = PBXFileReference; lastKnownFileType = wrapper.framework; name = QuartzCore.framework; path = System/Library/Frameworks/QuartzCore.framework; sourceTree = SDKROOT; };
		22DE352116AD15130081E9C2 /* TOGridViewTestCell.h */ = {isa = PBXFileReference; fileEncoding = 4; lastKnownFileType = sourcecode.c.h; path = TOGridViewTestCell.h; sourceTree = "<group>"; };
		22DE352216AD15130081E9C2 /* TOGridViewTestCell.m */ = {isa = PBXFileReference; fileEncoding = 4; lastKnownFileType = sourcecode.c.objc; path = TOGridViewTestCell.m; sourceTree = "<group>"; };
		50266F9B3AC3F34423B5F4E7 /* ExampleLayoutTests.m */ = {isa = PBXFileReference; includeInIndex = 1; lastKnownFileType = sourcecode.c.objc; path = ExampleLayoutTests.m; sourceTree = "<group>"; };
		51EEEC1667812A87D210D8E3 /* ExampleInsertionTests.m */ = {isa = PBXFileReference; includeInIndex = 1; lastKnownFileType = sourcecode.c.objc; path = ExampleInsertionTests.m; sourceTree = "<group>"; };
		67D5FB5E2FE60C56CD31ADE5 /* TOGridViewSceneDelegate.h */ = {isa = PBXFileReference; includeInIndex = 1; lastKnownFileType = sourcecode.c.h; path = TOGridViewSceneDelegate.h; sourceTree = "<group>"; };
		6BAD11EA1506171BA39F731A /* TOGridViewExampleTests-Bridging-Header.h */ = {isa = PBXFileReference; includeInIndex = 1; lastKnownFileType = sourcecode.c.h; path = "TOGridViewExampleTests-Bridging-Header.h"; sourceTree = "<group>"; };
		77A505BC061A5207BC73D491 /* ExampleEditingTests.m */ = {isa = PBXFileReference; includeInIndex = 1; lastKnownFileType = sourcecode.c.objc; path = ExampleEditingTests.m; sourceTree = "<group>"; };
		89A5B495A84065FA4926E047 /* TOGridViewSceneDelegate.m */ = {isa = PBXFileReference; includeInIndex = 1; lastKnownFileType = sourcecode.c.objc; path = TOGridViewSceneDelegate.m; sourceTree = "<group>"; };
		8BCCF087294B8309DB70D747 /* GridAPITests.m */ = {isa = PBXFileReference; includeInIndex = 1; lastKnownFileType = sourcecode.c.objc; path = GridAPITests.m; sourceTree = "<group>"; };
		C340497EC4903F29BADC2B10 /* Foundation.framework */ = {isa = PBXFileReference; lastKnownFileType = wrapper.framework; name = Foundation.framework; path = System/Library/Frameworks/Foundation.framework; sourceTree = SDKROOT; };
		CAEF8EF58AE1B2B080DA1681 /* ExampleUITests.swift */ = {isa = PBXFileReference; includeInIndex = 1; lastKnownFileType = sourcecode.swift; path = ExampleUITests.swift; sourceTree = "<group>"; };
		DF4FF26F358B79F9C7E2AB60 /* TOGridViewExampleUITests.xctest */ = {isa = PBXFileReference; explicitFileType = wrapper.cfbundle; includeInIndex = 0; path = TOGridViewExampleUITests.xctest; sourceTree = BUILT_PRODUCTS_DIR; };
		F1CD721A16A3DFC6003D5FB8 /* TOGridView.app */ = {isa = PBXFileReference; explicitFileType = wrapper.application; includeInIndex = 0; path = TOGridView.app; sourceTree = BUILT_PRODUCTS_DIR; };
		F1CD721E16A3DFC6003D5FB8 /* UIKit.framework */ = {isa = PBXFileReference; lastKnownFileType = wrapper.framework; name = UIKit.framework; path = System/Library/Frameworks/UIKit.framework; sourceTree = SDKROOT; };
		F1CD722016A3DFC6003D5FB8 /* Foundation.framework */ = {isa = PBXFileReference; lastKnownFileType = wrapper.framework; name = Foundation.framework; path = System/Library/Frameworks/Foundation.framework; sourceTree = SDKROOT; };
		F1CD722216A3DFC6003D5FB8 /* CoreGraphics.framework */ = {isa = PBXFileReference; lastKnownFileType = wrapper.framework; name = CoreGraphics.framework; path = System/Library/Frameworks/CoreGraphics.framework; sourceTree = SDKROOT; };
/* End PBXFileReference section */

/* Begin PBXFrameworksBuildPhase section */
		7661A21927E72805B4C2F168 /* Frameworks */ = {
			isa = PBXFrameworksBuildPhase;
			buildActionMask = 2147483647;
			files = (
				1B99E5C535EFC720B6A68A58 /* Foundation.framework in Frameworks */,
			);
			runOnlyForDeploymentPostprocessing = 0;
		};
		86A077093E0FF567C5D80B1E /* Frameworks */ = {
			isa = PBXFrameworksBuildPhase;
			buildActionMask = 2147483647;
			files = (
				403A1DCA3E6B2E3D88BE9CC8 /* Foundation.framework in Frameworks */,
			);
			runOnlyForDeploymentPostprocessing = 0;
		};
		F1CD721716A3DFC6003D5FB8 /* Frameworks */ = {
			isa = PBXFrameworksBuildPhase;
			buildActionMask = 2147483647;
			files = (
				2298299516AEBC9F00B7537D /* QuartzCore.framework in Frameworks */,
				F1CD721F16A3DFC6003D5FB8 /* UIKit.framework in Frameworks */,
				F1CD722116A3DFC6003D5FB8 /* Foundation.framework in Frameworks */,
				F1CD722316A3DFC6003D5FB8 /* CoreGraphics.framework in Frameworks */,
			);
			runOnlyForDeploymentPostprocessing = 0;
		};
/* End PBXFrameworksBuildPhase section */

/* Begin PBXGroup section */
		226C94AB16ABB95F007650CD /* TOGridView */ = {
			isa = PBXGroup;
			children = (
				226C94AC16ABB95F007650CD /* TOGridView.h */,
				226C94AD16ABB95F007650CD /* TOGridView.m */,
				226C94AE16ABB95F007650CD /* TOGridViewCell.h */,
				226C94AF16ABB95F007650CD /* TOGridViewCell.m */,
			);
			path = TOGridView;
			sourceTree = "<group>";
		};
		3478E6CA8092F2083D7A812B /* Example */ = {
			isa = PBXGroup;
			children = (
				226C94B216ABB96D007650CD /* TOGridViewAppDelegate.h */,
				226C94B316ABB96D007650CD /* TOGridViewAppDelegate.m */,
				226C94B416ABB96D007650CD /* TOGridViewViewController.h */,
				226C94B516ABB96D007650CD /* TOGridViewViewController.m */,
				22DE352116AD15130081E9C2 /* TOGridViewTestCell.h */,
				22DE352216AD15130081E9C2 /* TOGridViewTestCell.m */,
				226C94B816ABB99C007650CD /* main.m */,
				226C94B916ABB99C007650CD /* TOGridView-Info.plist */,
				67D5FB5E2FE60C56CD31ADE5 /* TOGridViewSceneDelegate.h */,
				89A5B495A84065FA4926E047 /* TOGridViewSceneDelegate.m */,
			);
			path = Example;
			sourceTree = "<group>";
		};
		9CAB14850F11FDB794406086 /* iOS */ = {
			isa = PBXGroup;
			children = (
				C340497EC4903F29BADC2B10 /* Foundation.framework */,
			);
			name = iOS;
			sourceTree = "<group>";
		};
		F1CD720F16A3DFC6003D5FB8 = {
			isa = PBXGroup;
			children = (
				F1CD721D16A3DFC6003D5FB8 /* Frameworks */,
				F1CD721B16A3DFC6003D5FB8 /* Products */,
				3478E6CA8092F2083D7A812B /* Example */,
				226C94AB16ABB95F007650CD /* TOGridView */,
				FBA996B468809601C209A507 /* ExampleUITests */,
				F7529FB54845D1F3CFBD0367 /* ExampleTests */,
			);
			sourceTree = "<group>";
		};
		F1CD721B16A3DFC6003D5FB8 /* Products */ = {
			isa = PBXGroup;
			children = (
				F1CD721A16A3DFC6003D5FB8 /* TOGridView.app */,
				DF4FF26F358B79F9C7E2AB60 /* TOGridViewExampleUITests.xctest */,
				124877539B1BB79D79221133 /* TOGridViewExampleTests.xctest */,
			);
			name = Products;
			sourceTree = "<group>";
		};
		F1CD721D16A3DFC6003D5FB8 /* Frameworks */ = {
			isa = PBXGroup;
			children = (
				2298299416AEBC9F00B7537D /* QuartzCore.framework */,
				F1CD721E16A3DFC6003D5FB8 /* UIKit.framework */,
				F1CD722016A3DFC6003D5FB8 /* Foundation.framework */,
				F1CD722216A3DFC6003D5FB8 /* CoreGraphics.framework */,
				9CAB14850F11FDB794406086 /* iOS */,
			);
			name = Frameworks;
			sourceTree = "<group>";
		};
		F7529FB54845D1F3CFBD0367 /* ExampleTests */ = {
			isa = PBXGroup;
			children = (
				50266F9B3AC3F34423B5F4E7 /* ExampleLayoutTests.m */,
				51EEEC1667812A87D210D8E3 /* ExampleInsertionTests.m */,
				77A505BC061A5207BC73D491 /* ExampleEditingTests.m */,
				8BCCF087294B8309DB70D747 /* GridAPITests.m */,
				17785F653FF1CB23B637DCE2 /* SwiftAPICompatibilityTests.swift */,
				6BAD11EA1506171BA39F731A /* TOGridViewExampleTests-Bridging-Header.h */,
			);
			path = ExampleTests;
			sourceTree = "<group>";
		};
		FBA996B468809601C209A507 /* ExampleUITests */ = {
			isa = PBXGroup;
			children = (
				CAEF8EF58AE1B2B080DA1681 /* ExampleUITests.swift */,
			);
			path = ExampleUITests;
			sourceTree = "<group>";
		};
/* End PBXGroup section */

/* Begin PBXNativeTarget section */
		11E0AD247A1D985D89D063A5 /* TOGridViewExampleUITests */ = {
			isa = PBXNativeTarget;
			buildConfigurationList = 45820ABB27E509BF9B3B5BAD /* Build configuration list for PBXNativeTarget "TOGridViewExampleUITests" */;
			buildPhases = (
				03D1E734F03F16F1E2047F10 /* Sources */,
				7661A21927E72805B4C2F168 /* Frameworks */,
				DD721B0A377047E132075634 /* Resources */,
			);
			buildRules = (
			);
			dependencies = (
				41EF875485A268971A1D26CF /* PBXTargetDependency */,
			);
			name = TOGridViewExampleUITests;
			productName = TOGridViewExampleUITests;
			productReference = DF4FF26F358B79F9C7E2AB60 /* TOGridViewExampleUITests.xctest */;
			productType = "com.apple.product-type.bundle.ui-testing";
		};
		BEC068D083B8E2E48106F8DA /* TOGridViewExampleTests */ = {
			isa = PBXNativeTarget;
			buildConfigurationList = C164342DB4C819A6D6A30A97 /* Build configuration list for PBXNativeTarget "TOGridViewExampleTests" */;
			buildPhases = (
				AF4C7875D34B9B6FD943B3EB /* Sources */,
				86A077093E0FF567C5D80B1E /* Frameworks */,
				A44AC23D6F14C3BCBCF4DBB5 /* Resources */,
			);
			buildRules = (
			);
			dependencies = (
				079440CE224DFDCEB58C8FAE /* PBXTargetDependency */,
			);
			name = TOGridViewExampleTests;
			productName = TOGridViewExampleTests;
			productReference = 124877539B1BB79D79221133 /* TOGridViewExampleTests.xctest */;
			productType = "com.apple.product-type.bundle.unit-test";
		};
		F1CD721916A3DFC6003D5FB8 /* TOGridView */ = {
			isa = PBXNativeTarget;
			buildConfigurationList = F1CD725316A3DFC6003D5FB8 /* Build configuration list for PBXNativeTarget "TOGridView" */;
			buildPhases = (
				F1CD721616A3DFC6003D5FB8 /* Sources */,
				F1CD721716A3DFC6003D5FB8 /* Frameworks */,
				F1CD721816A3DFC6003D5FB8 /* Resources */,
			);
			buildRules = (
			);
			dependencies = (
			);
			name = TOGridView;
			productName = TOGridView;
			productReference = F1CD721A16A3DFC6003D5FB8 /* TOGridView.app */;
			productType = "com.apple.product-type.application";
		};
/* End PBXNativeTarget section */

/* Begin PBXProject section */
		F1CD721116A3DFC6003D5FB8 /* Project object */ = {
			isa = PBXProject;
			attributes = {
				BuildIndependentTargetsInParallel = YES;
				LastUpgradeCheck = 2630;
			};
			buildConfigurationList = F1CD721416A3DFC6003D5FB8 /* Build configuration list for PBXProject "TOGridViewExample" */;
			compatibilityVersion = "Xcode 12.0";
			developmentRegion = en;
			hasScannedForEncodings = 0;
			knownRegions = (
				en,
				Base,
			);
			mainGroup = F1CD720F16A3DFC6003D5FB8;
			productRefGroup = F1CD721B16A3DFC6003D5FB8 /* Products */;
			projectDirPath = "";
			projectRoot = "";
			targets = (
				F1CD721916A3DFC6003D5FB8 /* TOGridView */,
				11E0AD247A1D985D89D063A5 /* TOGridViewExampleUITests */,
				BEC068D083B8E2E48106F8DA /* TOGridViewExampleTests */,
			);
		};
/* End PBXProject section */

/* Begin PBXResourcesBuildPhase section */
		A44AC23D6F14C3BCBCF4DBB5 /* Resources */ = {
			isa = PBXResourcesBuildPhase;
			buildActionMask = 2147483647;
			files = (
			);
			runOnlyForDeploymentPostprocessing = 0;
		};
		DD721B0A377047E132075634 /* Resources */ = {
			isa = PBXResourcesBuildPhase;
			buildActionMask = 2147483647;
			files = (
			);
			runOnlyForDeploymentPostprocessing = 0;
		};
		F1CD721816A3DFC6003D5FB8 /* Resources */ = {
			isa = PBXResourcesBuildPhase;
			buildActionMask = 2147483647;
			files = (
			);
			runOnlyForDeploymentPostprocessing = 0;
		};
/* End PBXResourcesBuildPhase section */

/* Begin PBXSourcesBuildPhase section */
		03D1E734F03F16F1E2047F10 /* Sources */ = {
			isa = PBXSourcesBuildPhase;
			buildActionMask = 2147483647;
			files = (
				D63E7640C62DD91EE41DB99A /* ExampleUITests.swift in Sources */,
			);
			runOnlyForDeploymentPostprocessing = 0;
		};
		AF4C7875D34B9B6FD943B3EB /* Sources */ = {
			isa = PBXSourcesBuildPhase;
			buildActionMask = 2147483647;
			files = (
				875FFE24FBD6D6752F496EDF /* ExampleLayoutTests.m in Sources */,
				3D9C8EB38597A8820F2DA651 /* ExampleInsertionTests.m in Sources */,
				A32CC248D826F0C2BD073183 /* ExampleEditingTests.m in Sources */,
				185D167803E88F9F7E75899B /* GridAPITests.m in Sources */,
				31C144021C9C4C426EB5E821 /* SwiftAPICompatibilityTests.swift in Sources */,
			);
			runOnlyForDeploymentPostprocessing = 0;
		};
		F1CD721616A3DFC6003D5FB8 /* Sources */ = {
			isa = PBXSourcesBuildPhase;
			buildActionMask = 2147483647;
			files = (
				226C94B016ABB95F007650CD /* TOGridView.m in Sources */,
				226C94B116ABB95F007650CD /* TOGridViewCell.m in Sources */,
				226C94B616ABB96D007650CD /* TOGridViewAppDelegate.m in Sources */,
				226C94B716ABB96D007650CD /* TOGridViewViewController.m in Sources */,
				226C94BB16ABB99C007650CD /* main.m in Sources */,
				22DE352316AD15130081E9C2 /* TOGridViewTestCell.m in Sources */,
				E3944960BBB4DFA2A9F3965D /* TOGridViewSceneDelegate.m in Sources */,
			);
			runOnlyForDeploymentPostprocessing = 0;
		};
/* End PBXSourcesBuildPhase section */

/* Begin PBXTargetDependency section */
		079440CE224DFDCEB58C8FAE /* PBXTargetDependency */ = {
			isa = PBXTargetDependency;
			name = TOGridView;
			target = F1CD721916A3DFC6003D5FB8 /* TOGridView */;
			targetProxy = 77E574986BDBE13F8EF63E99 /* PBXContainerItemProxy */;
		};
		41EF875485A268971A1D26CF /* PBXTargetDependency */ = {
			isa = PBXTargetDependency;
			name = TOGridView;
			target = F1CD721916A3DFC6003D5FB8 /* TOGridView */;
			targetProxy = EA6A3D5308A495E6760ED4FB /* PBXContainerItemProxy */;
		};
/* End PBXTargetDependency section */

/* Begin XCBuildConfiguration section */
		1D3CB564160292132BEC73E2 /* Debug */ = {
			isa = XCBuildConfiguration;
			buildSettings = {
				BUNDLE_LOADER = "$(TEST_HOST)";
				CLANG_ENABLE_OBJC_WEAK = YES;
				CODE_SIGN_STYLE = Automatic;
				GENERATE_INFOPLIST_FILE = YES;
				HEADER_SEARCH_PATHS = (
					"$(inherited)",
					"$(SRCROOT)/Example",
					"$(SRCROOT)/TOGridView",
				);
				IPHONEOS_DEPLOYMENT_TARGET = 15.0;
				PRODUCT_BUNDLE_IDENTIFIER = com.timoliver.TOGridViewExampleTests;
				PRODUCT_NAME = "$(TARGET_NAME)";
				SDKROOT = iphoneos;
				SWIFT_OBJC_BRIDGING_HEADER = "ExampleTests/TOGridViewExampleTests-Bridging-Header.h";
				SWIFT_VERSION = 6.0;
				TARGETED_DEVICE_FAMILY = "1,2";
				TEST_HOST = "$(BUILT_PRODUCTS_DIR)/TOGridView.app/$(BUNDLE_EXECUTABLE_FOLDER_PATH)/TOGridView";
			};
			name = Debug;
		};
		7E8BA79AE37A892588C78E46 /* Debug */ = {
			isa = XCBuildConfiguration;
			buildSettings = {
				CLANG_ENABLE_OBJC_WEAK = YES;
				CODE_SIGN_STYLE = Automatic;
				GENERATE_INFOPLIST_FILE = YES;
				IPHONEOS_DEPLOYMENT_TARGET = 15.0;
				PRODUCT_BUNDLE_IDENTIFIER = com.timoliver.TOGridViewExampleUITests;
				PRODUCT_NAME = "$(TARGET_NAME)";
				SDKROOT = iphoneos;
				SWIFT_VERSION = 5.0;
				TARGETED_DEVICE_FAMILY = "1,2";
				TEST_TARGET_NAME = TOGridView;
			};
			name = Debug;
		};
		8290A38E6D9A49ACBEB604EB /* Release */ = {
			isa = XCBuildConfiguration;
			buildSettings = {
				CLANG_ENABLE_OBJC_WEAK = YES;
				CODE_SIGN_STYLE = Automatic;
				GENERATE_INFOPLIST_FILE = YES;
				IPHONEOS_DEPLOYMENT_TARGET = 15.0;
				PRODUCT_BUNDLE_IDENTIFIER = com.timoliver.TOGridViewExampleUITests;
				PRODUCT_NAME = "$(TARGET_NAME)";
				SDKROOT = iphoneos;
				SWIFT_VERSION = 5.0;
				TARGETED_DEVICE_FAMILY = "1,2";
				TEST_TARGET_NAME = TOGridView;
				VALIDATE_PRODUCT = YES;
			};
			name = Release;
		};
		C9505EA476828D38069B0F07 /* Release */ = {
			isa = XCBuildConfiguration;
			buildSettings = {
				BUNDLE_LOADER = "$(TEST_HOST)";
				CLANG_ENABLE_OBJC_WEAK = YES;
				CODE_SIGN_STYLE = Automatic;
				GENERATE_INFOPLIST_FILE = YES;
				HEADER_SEARCH_PATHS = (
					"$(inherited)",
					"$(SRCROOT)/Example",
					"$(SRCROOT)/TOGridView",
				);
				IPHONEOS_DEPLOYMENT_TARGET = 15.0;
				PRODUCT_BUNDLE_IDENTIFIER = com.timoliver.TOGridViewExampleTests;
				PRODUCT_NAME = "$(TARGET_NAME)";
				SDKROOT = iphoneos;
				SWIFT_OBJC_BRIDGING_HEADER = "ExampleTests/TOGridViewExampleTests-Bridging-Header.h";
				SWIFT_VERSION = 6.0;
				TARGETED_DEVICE_FAMILY = "1,2";
				TEST_HOST = "$(BUILT_PRODUCTS_DIR)/TOGridView.app/$(BUNDLE_EXECUTABLE_FOLDER_PATH)/TOGridView";
				VALIDATE_PRODUCT = YES;
			};
			name = Release;
		};
		F1CD725116A3DFC6003D5FB8 /* Debug */ = {
			isa = XCBuildConfiguration;
			buildSettings = {
				ALWAYS_SEARCH_USER_PATHS = NO;
				CLANG_ANALYZER_LOCALIZABILITY_NONLOCALIZED = YES;
				CLANG_ENABLE_MODULES = YES;
				CLANG_ENABLE_OBJC_ARC = YES;
				CLANG_WARN_BLOCK_CAPTURE_AUTORELEASING = YES;
				CLANG_WARN_BOOL_CONVERSION = YES;
				CLANG_WARN_COMMA = YES;
				CLANG_WARN_CONSTANT_CONVERSION = YES;
				CLANG_WARN_DEPRECATED_OBJC_IMPLEMENTATIONS = YES;
				CLANG_WARN_EMPTY_BODY = YES;
				CLANG_WARN_ENUM_CONVERSION = YES;
				CLANG_WARN_INFINITE_RECURSION = YES;
				CLANG_WARN_INT_CONVERSION = YES;
				CLANG_WARN_NON_LITERAL_NULL_CONVERSION = YES;
				CLANG_WARN_NULLABLE_TO_NONNULL_CONVERSION = YES;
				CLANG_WARN_OBJC_IMPLICIT_ATOMIC_PROPERTIES = YES;
				CLANG_WARN_OBJC_IMPLICIT_RETAIN_SELF = YES;
				CLANG_WARN_OBJC_LITERAL_CONVERSION = YES;
				CLANG_WARN_OBJC_REPEATED_USE_OF_WEAK = YES;
				CLANG_WARN_QUOTED_INCLUDE_IN_FRAMEWORK_HEADER = YES;
				CLANG_WARN_RANGE_LOOP_ANALYSIS = YES;
				CLANG_WARN_STRICT_PROTOTYPES = YES;
				CLANG_WARN_SUSPICIOUS_MOVE = YES;
				CLANG_WARN_UNREACHABLE_CODE = YES;
				CLANG_WARN__DUPLICATE_METHOD_MATCH = YES;
				COPY_PHASE_STRIP = NO;
				ENABLE_STRICT_OBJC_MSGSEND = YES;
				ENABLE_TESTABILITY = YES;
				ENABLE_USER_SCRIPT_SANDBOXING = YES;
				GCC_C_LANGUAGE_STANDARD = gnu17;
				GCC_DYNAMIC_NO_PIC = NO;
				GCC_NO_COMMON_BLOCKS = YES;
				GCC_OPTIMIZATION_LEVEL = 0;
				GCC_PREPROCESSOR_DEFINITIONS = (
					"DEBUG=1",
					"$(inherited)",
				);
				GCC_SYMBOLS_PRIVATE_EXTERN = NO;
				GCC_WARN_64_TO_32_BIT_CONVERSION = YES;
				GCC_WARN_ABOUT_MISSING_PROTOTYPES = YES;
				GCC_WARN_ABOUT_RETURN_TYPE = YES;
				GCC_WARN_UNDECLARED_SELECTOR = YES;
				GCC_WARN_UNINITIALIZED_AUTOS = YES;
				GCC_WARN_UNUSED_FUNCTION = YES;
				GCC_WARN_UNUSED_VARIABLE = YES;
				IPHONEOS_DEPLOYMENT_TARGET = 15.0;
				ONLY_ACTIVE_ARCH = YES;
				SDKROOT = iphoneos;
				STRING_CATALOG_GENERATE_SYMBOLS = YES;
				TARGETED_DEVICE_FAMILY = "1,2";
			};
			name = Debug;
		};
		F1CD725216A3DFC6003D5FB8 /* Release */ = {
			isa = XCBuildConfiguration;
			buildSettings = {
				ALWAYS_SEARCH_USER_PATHS = NO;
				CLANG_ANALYZER_LOCALIZABILITY_NONLOCALIZED = YES;
				CLANG_ENABLE_MODULES = YES;
				CLANG_ENABLE_OBJC_ARC = YES;
				CLANG_WARN_BLOCK_CAPTURE_AUTORELEASING = YES;
				CLANG_WARN_BOOL_CONVERSION = YES;
				CLANG_WARN_COMMA = YES;
				CLANG_WARN_CONSTANT_CONVERSION = YES;
				CLANG_WARN_DEPRECATED_OBJC_IMPLEMENTATIONS = YES;
				CLANG_WARN_EMPTY_BODY = YES;
				CLANG_WARN_ENUM_CONVERSION = YES;
				CLANG_WARN_INFINITE_RECURSION = YES;
				CLANG_WARN_INT_CONVERSION = YES;
				CLANG_WARN_NON_LITERAL_NULL_CONVERSION = YES;
				CLANG_WARN_NULLABLE_TO_NONNULL_CONVERSION = YES;
				CLANG_WARN_OBJC_IMPLICIT_ATOMIC_PROPERTIES = YES;
				CLANG_WARN_OBJC_IMPLICIT_RETAIN_SELF = YES;
				CLANG_WARN_OBJC_LITERAL_CONVERSION = YES;
				CLANG_WARN_OBJC_REPEATED_USE_OF_WEAK = YES;
				CLANG_WARN_QUOTED_INCLUDE_IN_FRAMEWORK_HEADER = YES;
				CLANG_WARN_RANGE_LOOP_ANALYSIS = YES;
				CLANG_WARN_STRICT_PROTOTYPES = YES;
				CLANG_WARN_SUSPICIOUS_MOVE = YES;
				CLANG_WARN_UNREACHABLE_CODE = YES;
				CLANG_WARN__DUPLICATE_METHOD_MATCH = YES;
				COPY_PHASE_STRIP = YES;
				ENABLE_STRICT_OBJC_MSGSEND = YES;
				ENABLE_USER_SCRIPT_SANDBOXING = YES;
				GCC_C_LANGUAGE_STANDARD = gnu17;
				GCC_NO_COMMON_BLOCKS = YES;
				GCC_SYMBOLS_PRIVATE_EXTERN = NO;
				GCC_WARN_64_TO_32_BIT_CONVERSION = YES;
				GCC_WARN_ABOUT_MISSING_PROTOTYPES = YES;
				GCC_WARN_ABOUT_RETURN_TYPE = YES;
				GCC_WARN_UNDECLARED_SELECTOR = YES;
				GCC_WARN_UNINITIALIZED_AUTOS = YES;
				GCC_WARN_UNUSED_FUNCTION = YES;
				GCC_WARN_UNUSED_VARIABLE = YES;
				IPHONEOS_DEPLOYMENT_TARGET = 15.0;
				OTHER_CFLAGS = "-DNS_BLOCK_ASSERTIONS=1";
				SDKROOT = iphoneos;
				STRING_CATALOG_GENERATE_SYMBOLS = YES;
				TARGETED_DEVICE_FAMILY = "1,2";
				VALIDATE_PRODUCT = YES;
			};
			name = Release;
		};
		F1CD725416A3DFC6003D5FB8 /* Debug */ = {
			isa = XCBuildConfiguration;
			buildSettings = {
				CODE_SIGN_STYLE = Automatic;
				DEVELOPMENT_TEAM = 2D9S2U3NJW;
				INFOPLIST_FILE = "Example/TOGridView-Info.plist";
				IPHONEOS_DEPLOYMENT_TARGET = 15.0;
				PRODUCT_BUNDLE_IDENTIFIER = "com.timoliver.${PRODUCT_NAME:rfc1034identifier}";
				PRODUCT_NAME = "$(TARGET_NAME)";
				WRAPPER_EXTENSION = app;
			};
			name = Debug;
		};
		F1CD725516A3DFC6003D5FB8 /* Release */ = {
			isa = XCBuildConfiguration;
			buildSettings = {
				CODE_SIGN_STYLE = Automatic;
				DEVELOPMENT_TEAM = 2D9S2U3NJW;
				INFOPLIST_FILE = "Example/TOGridView-Info.plist";
				IPHONEOS_DEPLOYMENT_TARGET = 15.0;
				PRODUCT_BUNDLE_IDENTIFIER = "com.timoliver.${PRODUCT_NAME:rfc1034identifier}";
				PRODUCT_NAME = "$(TARGET_NAME)";
				WRAPPER_EXTENSION = app;
			};
			name = Release;
		};
/* End XCBuildConfiguration section */

/* Begin XCConfigurationList section */
		45820ABB27E509BF9B3B5BAD /* Build configuration list for PBXNativeTarget "TOGridViewExampleUITests" */ = {
			isa = XCConfigurationList;
			buildConfigurations = (
				8290A38E6D9A49ACBEB604EB /* Release */,
				7E8BA79AE37A892588C78E46 /* Debug */,
			);
			defaultConfigurationIsVisible = 0;
			defaultConfigurationName = Release;
		};
		C164342DB4C819A6D6A30A97 /* Build configuration list for PBXNativeTarget "TOGridViewExampleTests" */ = {
			isa = XCConfigurationList;
			buildConfigurations = (
				C9505EA476828D38069B0F07 /* Release */,
				1D3CB564160292132BEC73E2 /* Debug */,
			);
			defaultConfigurationIsVisible = 0;
			defaultConfigurationName = Release;
		};
		F1CD721416A3DFC6003D5FB8 /* Build configuration list for PBXProject "TOGridViewExample" */ = {
			isa = XCConfigurationList;
			buildConfigurations = (
				F1CD725116A3DFC6003D5FB8 /* Debug */,
				F1CD725216A3DFC6003D5FB8 /* Release */,
			);
			defaultConfigurationIsVisible = 0;
			defaultConfigurationName = Release;
		};
		F1CD725316A3DFC6003D5FB8 /* Build configuration list for PBXNativeTarget "TOGridView" */ = {
			isa = XCConfigurationList;
			buildConfigurations = (
				F1CD725416A3DFC6003D5FB8 /* Debug */,
				F1CD725516A3DFC6003D5FB8 /* Release */,
			);
			defaultConfigurationIsVisible = 0;
			defaultConfigurationName = Release;
		};
/* End XCConfigurationList section */
	};
	rootObject = F1CD721116A3DFC6003D5FB8 /* Project object */;
}
